
Microsoft Visual Studio Solution File, Format Version 12.00
# Visual Studio Version 16
VisualStudioVersion = 16.0.30804.86
MinimumVisualStudioVersion = 10.0.40219.1
Project("{9A19103F-16F7-4668-BE54-9A1E7A4F7556}") = "Microsoft.Research.SpeechWriter.Core", "Microsoft.Research.SpeechWriter.Core\Microsoft.Research.SpeechWriter.Core.csproj", "{B20B47F7-52D1-48EF-8ACB-BD44BB78F023}"
EndProject
Project("{9A19103F-16F7-4668-BE54-9A1E7A4F7556}") = "Microsoft.Research.SpeechWriter.Core.Test", "Microsoft.Research.SpeechWriter.Core.Test\Microsoft.Research.SpeechWriter.Core.Test.csproj", "{8A91FBD6-405E-4939-815F-ABAC8F64FBE4}"
EndProject
Project("{9A19103F-16F7-4668-BE54-9A1E7A4F7556}") = "Microsoft.Research.SpeechWriter.DemoAppWpf", "Microsoft.Research.SpeechWriter.DemoAppWpf\Microsoft.Research.SpeechWriter.DemoAppWpf.csproj", "{A85AEE21-3B49-4DC2-B3A1-47A7BC9C1AFA}"
EndProject
Project("{FAE04EC0-301F-11D3-BF4B-00C04F79EFBC}") = "Microsoft.Research.SpeechWriter.DemoAppUwp", "Microsoft.Research.SpeechWriter.DemoAppUwp\Microsoft.Research.SpeechWriter.DemoAppUwp.csproj", "{853DE33F-80B9-4036-9B24-C9CA7A98E00B}"
EndProject
Project("{9A19103F-16F7-4668-BE54-9A1E7A4F7556}") = "Microsoft.Research.SpeechWriter.Core.UI", "Microsoft.Research.SpeechWriter.Core.UI\Microsoft.Research.SpeechWriter.Core.UI.csproj", "{179417A2-CEE3-4D76-8B27-75B20D8C853A}"
EndProject
Project("{FAE04EC0-301F-11D3-BF4B-00C04F79EFBC}") = "Microsoft.Research.SpeechWriter.Core.UI.Uwp", "Microsoft.Research.SpeechWriter.Core.UI.Uwp\Microsoft.Research.SpeechWriter.Core.UI.Uwp.csproj", "{4251EE5A-3E60-4555-B592-8AC9DD9B401F}"
EndProject
Project("{9A19103F-16F7-4668-BE54-9A1E7A4F7556}") = "Microsoft.Research.SpeechWriter.Core.UI.Wpf", "Microsoft.Research.SpeechWriter.Core.UI.Wpf\Microsoft.Research.SpeechWriter.Core.UI.Wpf.csproj", "{EA598CEB-2DF1-4CC4-916E-38C460990889}"
EndProject
Project("{2150E333-8FDC-42A3-9474-1A3956D46DE8}") = "Solution Items", "Solution Items", "{F25ACCE8-6E32-4C43-91B9-F674636582EC}"
EndProject
Project("{FAE04EC0-301F-11D3-BF4B-00C04F79EFBC}") = "TestHostUwp", "TestHostUwp\TestHostUwp.csproj", "{3BCAC0D1-E563-4341-B6C4-F2DF54D06F77}"
EndProject
Project("{9A19103F-16F7-4668-BE54-9A1E7A4F7556}") = "TestHostWpf", "TestHostWpf\TestHostWpf.csproj", "{3715F693-FF24-4A90-8750-5FACDB601D4F}"
EndProject
Global
	GlobalSection(SolutionConfigurationPlatforms) = preSolution
		Debug|Any CPU = Debug|Any CPU
		Debug|ARM = Debug|ARM
		Debug|ARM64 = Debug|ARM64
		Debug|x64 = Debug|x64
		Debug|x86 = Debug|x86
		Release|Any CPU = Release|Any CPU
		Release|ARM = Release|ARM
		Release|ARM64 = Release|ARM64
		Release|x64 = Release|x64
		Release|x86 = Release|x86
	EndGlobalSection
	GlobalSection(ProjectConfigurationPlatforms) = postSolution
		{B20B47F7-52D1-48EF-8ACB-BD44BB78F023}.Debug|Any CPU.ActiveCfg = Debug|Any CPU
		{B20B47F7-52D1-48EF-8ACB-BD44BB78F023}.Debug|Any CPU.Build.0 = Debug|Any CPU
		{B20B47F7-52D1-48EF-8ACB-BD44BB78F023}.Debug|ARM.ActiveCfg = Debug|Any CPU
		{B20B47F7-52D1-48EF-8ACB-BD44BB78F023}.Debug|ARM.Build.0 = Debug|Any CPU
		{B20B47F7-52D1-48EF-8ACB-BD44BB78F023}.Debug|ARM64.ActiveCfg = Debug|Any CPU
		{B20B47F7-52D1-48EF-8ACB-BD44BB78F023}.Debug|ARM64.Build.0 = Debug|Any CPU
		{B20B47F7-52D1-48EF-8ACB-BD44BB78F023}.Debug|x64.ActiveCfg = Debug|x64
		{B20B47F7-52D1-48EF-8ACB-BD44BB78F023}.Debug|x64.Build.0 = Debug|x64
		{B20B47F7-52D1-48EF-8ACB-BD44BB78F023}.Debug|x86.ActiveCfg = Debug|Any CPU
		{B20B47F7-52D1-48EF-8ACB-BD44BB78F023}.Debug|x86.Build.0 = Debug|Any CPU
		{B20B47F7-52D1-48EF-8ACB-BD44BB78F023}.Release|Any CPU.ActiveCfg = Release|Any CPU
		{B20B47F7-52D1-48EF-8ACB-BD44BB78F023}.Release|Any CPU.Build.0 = Release|Any CPU
		{B20B47F7-52D1-48EF-8ACB-BD44BB78F023}.Release|ARM.ActiveCfg = Release|Any CPU
		{B20B47F7-52D1-48EF-8ACB-BD44BB78F023}.Release|ARM.Build.0 = Release|Any CPU
		{B20B47F7-52D1-48EF-8ACB-BD44BB78F023}.Release|ARM64.ActiveCfg = Release|Any CPU
		{B20B47F7-52D1-48EF-8ACB-BD44BB78F023}.Release|ARM64.Build.0 = Release|Any CPU
		{B20B47F7-52D1-48EF-8ACB-BD44BB78F023}.Release|x64.ActiveCfg = Release|Any CPU
		{B20B47F7-52D1-48EF-8ACB-BD44BB78F023}.Release|x64.Build.0 = Release|Any CPU
		{B20B47F7-52D1-48EF-8ACB-BD44BB78F023}.Release|x86.ActiveCfg = Release|Any CPU
		{B20B47F7-52D1-48EF-8ACB-BD44BB78F023}.Release|x86.Build.0 = Release|Any CPU
		{8A91FBD6-405E-4939-815F-ABAC8F64FBE4}.Debug|Any CPU.ActiveCfg = Debug|Any CPU
		{8A91FBD6-405E-4939-815F-ABAC8F64FBE4}.Debug|Any CPU.Build.0 = Debug|Any CPU
		{8A91FBD6-405E-4939-815F-ABAC8F64FBE4}.Debug|ARM.ActiveCfg = Debug|Any CPU
		{8A91FBD6-405E-4939-815F-ABAC8F64FBE4}.Debug|ARM.Build.0 = Debug|Any CPU
		{8A91FBD6-405E-4939-815F-ABAC8F64FBE4}.Debug|ARM64.ActiveCfg = Debug|Any CPU
		{8A91FBD6-405E-4939-815F-ABAC8F64FBE4}.Debug|ARM64.Build.0 = Debug|Any CPU
		{8A91FBD6-405E-4939-815F-ABAC8F64FBE4}.Debug|x64.ActiveCfg = Debug|x64
		{8A91FBD6-405E-4939-815F-ABAC8F64FBE4}.Debug|x64.Build.0 = Debug|x64
		{8A91FBD6-405E-4939-815F-ABAC8F64FBE4}.Debug|x86.ActiveCfg = Debug|Any CPU
		{8A91FBD6-405E-4939-815F-ABAC8F64FBE4}.Debug|x86.Build.0 = Debug|Any CPU
		{8A91FBD6-405E-4939-815F-ABAC8F64FBE4}.Release|Any CPU.ActiveCfg = Release|Any CPU
		{8A91FBD6-405E-4939-815F-ABAC8F64FBE4}.Release|Any CPU.Build.0 = Release|Any CPU
		{8A91FBD6-405E-4939-815F-ABAC8F64FBE4}.Release|ARM.ActiveCfg = Release|Any CPU
		{8A91FBD6-405E-4939-815F-ABAC8F64FBE4}.Release|ARM.Build.0 = Release|Any CPU
		{8A91FBD6-405E-4939-815F-ABAC8F64FBE4}.Release|ARM64.ActiveCfg = Release|Any CPU
		{8A91FBD6-405E-4939-815F-ABAC8F64FBE4}.Release|ARM64.Build.0 = Release|Any CPU
		{8A91FBD6-405E-4939-815F-ABAC8F64FBE4}.Release|x64.ActiveCfg = Release|Any CPU
		{8A91FBD6-405E-4939-815F-ABAC8F64FBE4}.Release|x64.Build.0 = Release|Any CPU
		{8A91FBD6-405E-4939-815F-ABAC8F64FBE4}.Release|x86.ActiveCfg = Release|Any CPU
		{8A91FBD6-405E-4939-815F-ABAC8F64FBE4}.Release|x86.Build.0 = Release|Any CPU
		{A85AEE21-3B49-4DC2-B3A1-47A7BC9C1AFA}.Debug|Any CPU.ActiveCfg = Debug|Any CPU
		{A85AEE21-3B49-4DC2-B3A1-47A7BC9C1AFA}.Debug|Any CPU.Build.0 = Debug|Any CPU
		{A85AEE21-3B49-4DC2-B3A1-47A7BC9C1AFA}.Debug|ARM.ActiveCfg = Debug|Any CPU
		{A85AEE21-3B49-4DC2-B3A1-47A7BC9C1AFA}.Debug|ARM.Build.0 = Debug|Any CPU
		{A85AEE21-3B49-4DC2-B3A1-47A7BC9C1AFA}.Debug|ARM64.ActiveCfg = Debug|Any CPU
		{A85AEE21-3B49-4DC2-B3A1-47A7BC9C1AFA}.Debug|ARM64.Build.0 = Debug|Any CPU
		{A85AEE21-3B49-4DC2-B3A1-47A7BC9C1AFA}.Debug|x64.ActiveCfg = Debug|x64
		{A85AEE21-3B49-4DC2-B3A1-47A7BC9C1AFA}.Debug|x64.Build.0 = Debug|x64
		{A85AEE21-3B49-4DC2-B3A1-47A7BC9C1AFA}.Debug|x86.ActiveCfg = Debug|Any CPU
		{A85AEE21-3B49-4DC2-B3A1-47A7BC9C1AFA}.Debug|x86.Build.0 = Debug|Any CPU
		{A85AEE21-3B49-4DC2-B3A1-47A7BC9C1AFA}.Release|Any CPU.ActiveCfg = Release|Any CPU
		{A85AEE21-3B49-4DC2-B3A1-47A7BC9C1AFA}.Release|Any CPU.Build.0 = Release|Any CPU
		{A85AEE21-3B49-4DC2-B3A1-47A7BC9C1AFA}.Release|ARM.ActiveCfg = Release|Any CPU
		{A85AEE21-3B49-4DC2-B3A1-47A7BC9C1AFA}.Release|ARM.Build.0 = Release|Any CPU
		{A85AEE21-3B49-4DC2-B3A1-47A7BC9C1AFA}.Release|ARM64.ActiveCfg = Release|Any CPU
		{A85AEE21-3B49-4DC2-B3A1-47A7BC9C1AFA}.Release|ARM64.Build.0 = Release|Any CPU
		{A85AEE21-3B49-4DC2-B3A1-47A7BC9C1AFA}.Release|x64.ActiveCfg = Release|Any CPU
		{A85AEE21-3B49-4DC2-B3A1-47A7BC9C1AFA}.Release|x64.Build.0 = Release|Any CPU
		{A85AEE21-3B49-4DC2-B3A1-47A7BC9C1AFA}.Release|x86.ActiveCfg = Release|Any CPU
		{A85AEE21-3B49-4DC2-B3A1-47A7BC9C1AFA}.Release|x86.Build.0 = Release|Any CPU
		{853DE33F-80B9-4036-9B24-C9CA7A98E00B}.Debug|Any CPU.ActiveCfg = Debug|x64
		{853DE33F-80B9-4036-9B24-C9CA7A98E00B}.Debug|Any CPU.Build.0 = Debug|x64
		{853DE33F-80B9-4036-9B24-C9CA7A98E00B}.Debug|Any CPU.Deploy.0 = Debug|x64
		{853DE33F-80B9-4036-9B24-C9CA7A98E00B}.Debug|ARM.ActiveCfg = Debug|ARM
		{853DE33F-80B9-4036-9B24-C9CA7A98E00B}.Debug|ARM.Build.0 = Debug|ARM
		{853DE33F-80B9-4036-9B24-C9CA7A98E00B}.Debug|ARM.Deploy.0 = Debug|ARM
		{853DE33F-80B9-4036-9B24-C9CA7A98E00B}.Debug|ARM64.ActiveCfg = Debug|ARM64
		{853DE33F-80B9-4036-9B24-C9CA7A98E00B}.Debug|ARM64.Build.0 = Debug|ARM64
		{853DE33F-80B9-4036-9B24-C9CA7A98E00B}.Debug|ARM64.Deploy.0 = Debug|ARM64
		{853DE33F-80B9-4036-9B24-C9CA7A98E00B}.Debug|x64.ActiveCfg = Debug|x64
		{853DE33F-80B9-4036-9B24-C9CA7A98E00B}.Debug|x64.Build.0 = Debug|x64
		{853DE33F-80B9-4036-9B24-C9CA7A98E00B}.Debug|x64.Deploy.0 = Debug|x64
		{853DE33F-80B9-4036-9B24-C9CA7A98E00B}.Debug|x86.ActiveCfg = Debug|x86
		{853DE33F-80B9-4036-9B24-C9CA7A98E00B}.Debug|x86.Build.0 = Debug|x86
		{853DE33F-80B9-4036-9B24-C9CA7A98E00B}.Debug|x86.Deploy.0 = Debug|x86
		{853DE33F-80B9-4036-9B24-C9CA7A98E00B}.Release|Any CPU.ActiveCfg = Release|x64
		{853DE33F-80B9-4036-9B24-C9CA7A98E00B}.Release|Any CPU.Build.0 = Release|x64
		{853DE33F-80B9-4036-9B24-C9CA7A98E00B}.Release|Any CPU.Deploy.0 = Release|x64
		{853DE33F-80B9-4036-9B24-C9CA7A98E00B}.Release|ARM.ActiveCfg = Release|ARM
		{853DE33F-80B9-4036-9B24-C9CA7A98E00B}.Release|ARM.Build.0 = Release|ARM
		{853DE33F-80B9-4036-9B24-C9CA7A98E00B}.Release|ARM.Deploy.0 = Release|ARM
		{853DE33F-80B9-4036-9B24-C9CA7A98E00B}.Release|ARM64.ActiveCfg = Release|ARM64
		{853DE33F-80B9-4036-9B24-C9CA7A98E00B}.Release|ARM64.Build.0 = Release|ARM64
		{853DE33F-80B9-4036-9B24-C9CA7A98E00B}.Release|ARM64.Deploy.0 = Release|ARM64
		{853DE33F-80B9-4036-9B24-C9CA7A98E00B}.Release|x64.ActiveCfg = Release|x64
		{853DE33F-80B9-4036-9B24-C9CA7A98E00B}.Release|x64.Build.0 = Release|x64
		{853DE33F-80B9-4036-9B24-C9CA7A98E00B}.Release|x64.Deploy.0 = Release|x64
		{853DE33F-80B9-4036-9B24-C9CA7A98E00B}.Release|x86.ActiveCfg = Release|x86
		{853DE33F-80B9-4036-9B24-C9CA7A98E00B}.Release|x86.Build.0 = Release|x86
		{853DE33F-80B9-4036-9B24-C9CA7A98E00B}.Release|x86.Deploy.0 = Release|x86
		{179417A2-CEE3-4D76-8B27-75B20D8C853A}.Debug|Any CPU.ActiveCfg = Debug|Any CPU
		{179417A2-CEE3-4D76-8B27-75B20D8C853A}.Debug|Any CPU.Build.0 = Debug|Any CPU
		{179417A2-CEE3-4D76-8B27-75B20D8C853A}.Debug|ARM.ActiveCfg = Debug|Any CPU
		{179417A2-CEE3-4D76-8B27-75B20D8C853A}.Debug|ARM.Build.0 = Debug|Any CPU
		{179417A2-CEE3-4D76-8B27-75B20D8C853A}.Debug|ARM64.ActiveCfg = Debug|Any CPU
		{179417A2-CEE3-4D76-8B27-75B20D8C853A}.Debug|ARM64.Build.0 = Debug|Any CPU
		{179417A2-CEE3-4D76-8B27-75B20D8C853A}.Debug|x64.ActiveCfg = Debug|x64
		{179417A2-CEE3-4D76-8B27-75B20D8C853A}.Debug|x64.Build.0 = Debug|x64
		{179417A2-CEE3-4D76-8B27-75B20D8C853A}.Debug|x86.ActiveCfg = Debug|Any CPU
		{179417A2-CEE3-4D76-8B27-75B20D8C853A}.Debug|x86.Build.0 = Debug|Any CPU
		{179417A2-CEE3-4D76-8B27-75B20D8C853A}.Release|Any CPU.ActiveCfg = Release|Any CPU
		{179417A2-CEE3-4D76-8B27-75B20D8C853A}.Release|Any CPU.Build.0 = Release|Any CPU
		{179417A2-CEE3-4D76-8B27-75B20D8C853A}.Release|ARM.ActiveCfg = Release|Any CPU
		{179417A2-CEE3-4D76-8B27-75B20D8C853A}.Release|ARM.Build.0 = Release|Any CPU
		{179417A2-CEE3-4D76-8B27-75B20D8C853A}.Release|ARM64.ActiveCfg = Release|Any CPU
		{179417A2-CEE3-4D76-8B27-75B20D8C853A}.Release|ARM64.Build.0 = Release|Any CPU
		{179417A2-CEE3-4D76-8B27-75B20D8C853A}.Release|x64.ActiveCfg = Release|Any CPU
		{179417A2-CEE3-4D76-8B27-75B20D8C853A}.Release|x64.Build.0 = Release|Any CPU
		{179417A2-CEE3-4D76-8B27-75B20D8C853A}.Release|x86.ActiveCfg = Release|Any CPU
		{179417A2-CEE3-4D76-8B27-75B20D8C853A}.Release|x86.Build.0 = Release|Any CPU
		{4251EE5A-3E60-4555-B592-8AC9DD9B401F}.Debug|Any CPU.ActiveCfg = Debug|Any CPU
		{4251EE5A-3E60-4555-B592-8AC9DD9B401F}.Debug|Any CPU.Build.0 = Debug|Any CPU
		{4251EE5A-3E60-4555-B592-8AC9DD9B401F}.Debug|ARM.ActiveCfg = Debug|ARM
		{4251EE5A-3E60-4555-B592-8AC9DD9B401F}.Debug|ARM.Build.0 = Debug|ARM
		{4251EE5A-3E60-4555-B592-8AC9DD9B401F}.Debug|ARM64.ActiveCfg = Debug|ARM64
		{4251EE5A-3E60-4555-B592-8AC9DD9B401F}.Debug|ARM64.Build.0 = Debug|ARM64
		{4251EE5A-3E60-4555-B592-8AC9DD9B401F}.Debug|x64.ActiveCfg = Debug|x64
		{4251EE5A-3E60-4555-B592-8AC9DD9B401F}.Debug|x64.Build.0 = Debug|x64
		{4251EE5A-3E60-4555-B592-8AC9DD9B401F}.Debug|x86.ActiveCfg = Debug|x86
		{4251EE5A-3E60-4555-B592-8AC9DD9B401F}.Debug|x86.Build.0 = Debug|x86
		{4251EE5A-3E60-4555-B592-8AC9DD9B401F}.Release|Any CPU.ActiveCfg = Release|Any CPU
		{4251EE5A-3E60-4555-B592-8AC9DD9B401F}.Release|Any CPU.Build.0 = Release|Any CPU
		{4251EE5A-3E60-4555-B592-8AC9DD9B401F}.Release|ARM.ActiveCfg = Release|ARM
		{4251EE5A-3E60-4555-B592-8AC9DD9B401F}.Release|ARM.Build.0 = Release|ARM
		{4251EE5A-3E60-4555-B592-8AC9DD9B401F}.Release|ARM64.ActiveCfg = Release|ARM64
		{4251EE5A-3E60-4555-B592-8AC9DD9B401F}.Release|ARM64.Build.0 = Release|ARM64
		{4251EE5A-3E60-4555-B592-8AC9DD9B401F}.Release|x64.ActiveCfg = Release|x64
		{4251EE5A-3E60-4555-B592-8AC9DD9B401F}.Release|x64.Build.0 = Release|x64
		{4251EE5A-3E60-4555-B592-8AC9DD9B401F}.Release|x86.ActiveCfg = Release|x86
		{4251EE5A-3E60-4555-B592-8AC9DD9B401F}.Release|x86.Build.0 = Release|x86
		{EA598CEB-2DF1-4CC4-916E-38C460990889}.Debug|Any CPU.ActiveCfg = Debug|Any CPU
		{EA598CEB-2DF1-4CC4-916E-38C460990889}.Debug|Any CPU.Build.0 = Debug|Any CPU
		{EA598CEB-2DF1-4CC4-916E-38C460990889}.Debug|ARM.ActiveCfg = Debug|Any CPU
		{EA598CEB-2DF1-4CC4-916E-38C460990889}.Debug|ARM.Build.0 = Debug|Any CPU
		{EA598CEB-2DF1-4CC4-916E-38C460990889}.Debug|ARM64.ActiveCfg = Debug|Any CPU
		{EA598CEB-2DF1-4CC4-916E-38C460990889}.Debug|ARM64.Build.0 = Debug|Any CPU
		{EA598CEB-2DF1-4CC4-916E-38C460990889}.Debug|x64.ActiveCfg = Debug|x64
		{EA598CEB-2DF1-4CC4-916E-38C460990889}.Debug|x64.Build.0 = Debug|x64
		{EA598CEB-2DF1-4CC4-916E-38C460990889}.Debug|x86.ActiveCfg = Debug|Any CPU
		{EA598CEB-2DF1-4CC4-916E-38C460990889}.Debug|x86.Build.0 = Debug|Any CPU
		{EA598CEB-2DF1-4CC4-916E-38C460990889}.Release|Any CPU.ActiveCfg = Release|Any CPU
		{EA598CEB-2DF1-4CC4-916E-38C460990889}.Release|Any CPU.Build.0 = Release|Any CPU
		{EA598CEB-2DF1-4CC4-916E-38C460990889}.Release|ARM.ActiveCfg = Release|Any CPU
		{EA598CEB-2DF1-4CC4-916E-38C460990889}.Release|ARM.Build.0 = Release|Any CPU
		{EA598CEB-2DF1-4CC4-916E-38C460990889}.Release|ARM64.ActiveCfg = Release|Any CPU
		{EA598CEB-2DF1-4CC4-916E-38C460990889}.Release|ARM64.Build.0 = Release|Any CPU
		{EA598CEB-2DF1-4CC4-916E-38C460990889}.Release|x64.ActiveCfg = Release|Any CPU
		{EA598CEB-2DF1-4CC4-916E-38C460990889}.Release|x64.Build.0 = Release|Any CPU
		{EA598CEB-2DF1-4CC4-916E-38C460990889}.Release|x86.ActiveCfg = Release|Any CPU
		{EA598CEB-2DF1-4CC4-916E-38C460990889}.Release|x86.Build.0 = Release|Any CPU
		{3BCAC0D1-E563-4341-B6C4-F2DF54D06F77}.Debug|Any CPU.ActiveCfg = Debug|x86
		{3BCAC0D1-E563-4341-B6C4-F2DF54D06F77}.Debug|ARM.ActiveCfg = Debug|ARM
		{3BCAC0D1-E563-4341-B6C4-F2DF54D06F77}.Debug|ARM.Build.0 = Debug|ARM
		{3BCAC0D1-E563-4341-B6C4-F2DF54D06F77}.Debug|ARM.Deploy.0 = Debug|ARM
		{3BCAC0D1-E563-4341-B6C4-F2DF54D06F77}.Debug|ARM64.ActiveCfg = Debug|ARM64
		{3BCAC0D1-E563-4341-B6C4-F2DF54D06F77}.Debug|ARM64.Build.0 = Debug|ARM64
		{3BCAC0D1-E563-4341-B6C4-F2DF54D06F77}.Debug|ARM64.Deploy.0 = Debug|ARM64
		{3BCAC0D1-E563-4341-B6C4-F2DF54D06F77}.Debug|x64.ActiveCfg = Debug|x64
		{3BCAC0D1-E563-4341-B6C4-F2DF54D06F77}.Debug|x64.Build.0 = Debug|x64
		{3BCAC0D1-E563-4341-B6C4-F2DF54D06F77}.Debug|x64.Deploy.0 = Debug|x64
		{3BCAC0D1-E563-4341-B6C4-F2DF54D06F77}.Debug|x86.ActiveCfg = Debug|x86
		{3BCAC0D1-E563-4341-B6C4-F2DF54D06F77}.Debug|x86.Build.0 = Debug|x86
		{3BCAC0D1-E563-4341-B6C4-F2DF54D06F77}.Debug|x86.Deploy.0 = Debug|x86
		{3BCAC0D1-E563-4341-B6C4-F2DF54D06F77}.Release|Any CPU.ActiveCfg = Release|x86
		{3BCAC0D1-E563-4341-B6C4-F2DF54D06F77}.Release|ARM.ActiveCfg = Release|ARM
		{3BCAC0D1-E563-4341-B6C4-F2DF54D06F77}.Release|ARM.Build.0 = Release|ARM
		{3BCAC0D1-E563-4341-B6C4-F2DF54D06F77}.Release|ARM.Deploy.0 = Release|ARM
		{3BCAC0D1-E563-4341-B6C4-F2DF54D06F77}.Release|ARM64.ActiveCfg = Release|ARM64
		{3BCAC0D1-E563-4341-B6C4-F2DF54D06F77}.Release|ARM64.Build.0 = Release|ARM64
		{3BCAC0D1-E563-4341-B6C4-F2DF54D06F77}.Release|ARM64.Deploy.0 = Release|ARM64
		{3BCAC0D1-E563-4341-B6C4-F2DF54D06F77}.Release|x64.ActiveCfg = Release|x64
		{3BCAC0D1-E563-4341-B6C4-F2DF54D06F77}.Release|x64.Build.0 = Release|x64
		{3BCAC0D1-E563-4341-B6C4-F2DF54D06F77}.Release|x64.Deploy.0 = Release|x64
		{3BCAC0D1-E563-4341-B6C4-F2DF54D06F77}.Release|x86.ActiveCfg = Release|x86
		{3BCAC0D1-E563-4341-B6C4-F2DF54D06F77}.Release|x86.Build.0 = Release|x86
		{3BCAC0D1-E563-4341-B6C4-F2DF54D06F77}.Release|x86.Deploy.0 = Release|x86
		{3715F693-FF24-4A90-8750-5FACDB601D4F}.Debug|Any CPU.ActiveCfg = Debug|Any CPU
		{3715F693-FF24-4A90-8750-5FACDB601D4F}.Debug|Any CPU.Build.0 = Debug|Any CPU
		{3715F693-FF24-4A90-8750-5FACDB601D4F}.Debug|ARM.ActiveCfg = Debug|Any CPU
		{3715F693-FF24-4A90-8750-5FACDB601D4F}.Debug|ARM.Build.0 = Debug|Any CPU
		{3715F693-FF24-4A90-8750-5FACDB601D4F}.Debug|ARM64.ActiveCfg = Debug|Any CPU
		{3715F693-FF24-4A90-8750-5FACDB601D4F}.Debug|ARM64.Build.0 = Debug|Any CPU
		{3715F693-FF24-4A90-8750-5FACDB601D4F}.Debug|x64.ActiveCfg = Debug|x64
		{3715F693-FF24-4A90-8750-5FACDB601D4F}.Debug|x64.Build.0 = Debug|x64
		{3715F693-FF24-4A90-8750-5FACDB601D4F}.Debug|x86.ActiveCfg = Debug|Any CPU
		{3715F693-FF24-4A90-8750-5FACDB601D4F}.Debug|x86.Build.0 = Debug|Any CPU
		{3715F693-FF24-4A90-8750-5FACDB601D4F}.Release|Any CPU.ActiveCfg = Release|Any CPU
		{3715F693-FF24-4A90-8750-5FACDB601D4F}.Release|Any CPU.Build.0 = Release|Any CPU
		{3715F693-FF24-4A90-8750-5FACDB601D4F}.Release|ARM.ActiveCfg = Release|Any CPU
		{3715F693-FF24-4A90-8750-5FACDB601D4F}.Release|ARM.Build.0 = Release|Any CPU
		{3715F693-FF24-4A90-8750-5FACDB601D4F}.Release|ARM64.ActiveCfg = Release|Any CPU
		{3715F693-FF24-4A90-8750-5FACDB601D4F}.Release|ARM64.Build.0 = Release|Any CPU
		{3715F693-FF24-4A90-8750-5FACDB601D4F}.Release|x64.ActiveCfg = Release|Any CPU
		{3715F693-FF24-4A90-8750-5FACDB601D4F}.Release|x64.Build.0 = Release|Any CPU
		{3715F693-FF24-4A90-8750-5FACDB601D4F}.Release|x86.ActiveCfg = Release|Any CPU
		{3715F693-FF24-4A90-8750-5FACDB601D4F}.Release|x86.Build.0 = Release|Any CPU
	EndGlobalSection
	GlobalSection(SolutionProperties) = preSolution
		HideSolutionNode = FALSE
	EndGlobalSection
	GlobalSection(ExtensibilityGlobals) = postSolution
		SolutionGuid = {9101729C-B8E9-4818-9323-103459E9190B}
	EndGlobalSection
EndGlobal
